
Microsoft Visual Studio Solution File, Format Version 12.00
# Visual Studio Version 17
VisualStudioVersion = 17.9.34728.123
MinimumVisualStudioVersion = 10.0.40219.1
Project("{FAE04EC0-301F-11D3-BF4B-00C04F79EFBC}") = "FibonacciPilha", "FibonacciPilha\FibonacciPilha.csproj", "{757E5160-9A60-423D-88DF-1438AF47CCF4}"
EndProject
Global
	GlobalSection(SolutionConfigurationPlatforms) = preSolution
		Debug|Any CPU = Debug|Any CPU
		Release|Any CPU = Release|Any CPU
	EndGlobalSection
	GlobalSection(ProjectConfigurationPlatforms) = postSolution
		{757E5160-9A60-423D-88DF-1438AF47CCF4}.Debug|Any CPU.ActiveCfg = Debug|Any CPU
		{757E5160-9A60-423D-88DF-1438AF47CCF4}.Debug|Any CPU.Build.0 = Debug|Any CPU
		{757E5160-9A60-423D-88DF-1438AF47CCF4}.Release|Any CPU.ActiveCfg = Release|Any CPU
		{757E5160-9A60-423D-88DF-1438AF47CCF4}.Release|Any CPU.Build.0 = Release|Any CPU
	EndGlobalSection
	GlobalSection(SolutionProperties) = preSolution
		HideSolutionNode = FALSE
	EndGlobalSection
	GlobalSection(ExtensibilityGlobals) = postSolution
		SolutionGuid = {60A2BB15-C893-42FE-B4A7-F474FC46549A}
	EndGlobalSection
EndGlobal
